// !$*UTF8*$!
{
	archiveVersion = 1;
	classes = {
	};
	objectVersion = 55;
	objects = {

/* Begin PBXBuildFile section */
		A81E92E627C20C730087B9F6 /* KeyboardButtonView.swift in Sources */ = {isa = PBXBuildFile; fileRef = A81E92E527C20C730087B9F6 /* KeyboardButtonView.swift */; };
		A81E92E827C20D500087B9F6 /* KeyboardView.swift in Sources */ = {isa = PBXBuildFile; fileRef = A81E92E727C20D500087B9F6 /* KeyboardView.swift */; };
		A85C505527BDF99A008EB699 /* WordleApp.swift in Sources */ = {isa = PBXBuildFile; fileRef = A85C505427BDF99A008EB699 /* WordleApp.swift */; };
		A85C505727BDF99A008EB699 /* WordleView.swift in Sources */ = {isa = PBXBuildFile; fileRef = A85C505627BDF99A008EB699 /* WordleView.swift */; };
		A85C505927BDF99B008EB699 /* Assets.xcassets in Resources */ = {isa = PBXBuildFile; fileRef = A85C505827BDF99B008EB699 /* Assets.xcassets */; };
		A85C505C27BDF99B008EB699 /* Preview Assets.xcassets in Resources */ = {isa = PBXBuildFile; fileRef = A85C505B27BDF99B008EB699 /* Preview Assets.xcassets */; };
		A85C506427BDFA24008EB699 /* WordleViewModel.swift in Sources */ = {isa = PBXBuildFile; fileRef = A85C506327BDFA24008EB699 /* WordleViewModel.swift */; };
		A85C506727BDFE54008EB699 /* wordList.json in Resources */ = {isa = PBXBuildFile; fileRef = A85C506627BDFE53008EB699 /* wordList.json */; };
		A85C506D27BE1C16008EB699 /* StringExtension.swift in Sources */ = {isa = PBXBuildFile; fileRef = A85C506C27BE1C16008EB699 /* StringExtension.swift */; };
		A85C507027BE3A8F008EB699 /* LetterBoxView.swift in Sources */ = {isa = PBXBuildFile; fileRef = A85C506F27BE3A8F008EB699 /* LetterBoxView.swift */; };
		A85C507227BF0852008EB699 /* GameState.swift in Sources */ = {isa = PBXBuildFile; fileRef = A85C507127BF0852008EB699 /* GameState.swift */; };
		A85C507427C07586008EB699 /* MessageAlertView.swift in Sources */ = {isa = PBXBuildFile; fileRef = A85C507327C07586008EB699 /* MessageAlertView.swift */; };
		A8A6DF7C27C2F28300A2A4F5 /* UserDefaultsViewModel.swift in Sources */ = {isa = PBXBuildFile; fileRef = A8A6DF7B27C2F28300A2A4F5 /* UserDefaultsViewModel.swift */; };
		A8A6DF7E27C3128000A2A4F5 /* AlertView.swift in Sources */ = {isa = PBXBuildFile; fileRef = A8A6DF7D27C3128000A2A4F5 /* AlertView.swift */; };
/* End PBXBuildFile section */

/* Begin PBXFileReference section */
		A81E92E527C20C730087B9F6 /* KeyboardButtonView.swift */ = {isa = PBXFileReference; lastKnownFileType = sourcecode.swift; path = KeyboardButtonView.swift; sourceTree = "<group>"; };
		A81E92E727C20D500087B9F6 /* KeyboardView.swift */ = {isa = PBXFileReference; lastKnownFileType = sourcecode.swift; path = KeyboardView.swift; sourceTree = "<group>"; };
		A85C505127BDF99A008EB699 /* Wordle.app */ = {isa = PBXFileReference; explicitFileType = wrapper.application; includeInIndex = 0; path = Wordle.app; sourceTree = BUILT_PRODUCTS_DIR; };
		A85C505427BDF99A008EB699 /* WordleApp.swift */ = {isa = PBXFileReference; lastKnownFileType = sourcecode.swift; path = WordleApp.swift; sourceTree = "<group>"; };
		A85C505627BDF99A008EB699 /* WordleView.swift */ = {isa = PBXFileReference; lastKnownFileType = sourcecode.swift; path = WordleView.swift; sourceTree = "<group>"; };
		A85C505827BDF99B008EB699 /* Assets.xcassets */ = {isa = PBXFileReference; lastKnownFileType = folder.assetcatalog; path = Assets.xcassets; sourceTree = "<group>"; };
		A85C505B27BDF99B008EB699 /* Preview Assets.xcassets */ = {isa = PBXFileReference; lastKnownFileType = folder.assetcatalog; path = "Preview Assets.xcassets"; sourceTree = "<group>"; };
		A85C506327BDFA24008EB699 /* WordleViewModel.swift */ = {isa = PBXFileReference; lastKnownFileType = sourcecode.swift; path = WordleViewModel.swift; sourceTree = "<group>"; };
		A85C506627BDFE53008EB699 /* wordList.json */ = {isa = PBXFileReference; fileEncoding = 4; lastKnownFileType = text.json; path = wordList.json; sourceTree = "<group>"; };
		A85C506C27BE1C16008EB699 /* StringExtension.swift */ = {isa = PBXFileReference; lastKnownFileType = sourcecode.swift; path = StringExtension.swift; sourceTree = "<group>"; };
		A85C506F27BE3A8F008EB699 /* LetterBoxView.swift */ = {isa = PBXFileReference; lastKnownFileType = sourcecode.swift; path = LetterBoxView.swift; sourceTree = "<group>"; };
		A85C507127BF0852008EB699 /* GameState.swift */ = {isa = PBXFileReference; lastKnownFileType = sourcecode.swift; path = GameState.swift; sourceTree = "<group>"; };
		A85C507327C07586008EB699 /* MessageAlertView.swift */ = {isa = PBXFileReference; lastKnownFileType = sourcecode.swift; path = MessageAlertView.swift; sourceTree = "<group>"; };
		A8A6DF7B27C2F28300A2A4F5 /* UserDefaultsViewModel.swift */ = {isa = PBXFileReference; lastKnownFileType = sourcecode.swift; path = UserDefaultsViewModel.swift; sourceTree = "<group>"; };
		A8A6DF7D27C3128000A2A4F5 /* AlertView.swift */ = {isa = PBXFileReference; lastKnownFileType = sourcecode.swift; path = AlertView.swift; sourceTree = "<group>"; };
/* End PBXFileReference section */

/* Begin PBXFrameworksBuildPhase section */
		A85C504E27BDF99A008EB699 /* Frameworks */ = {
			isa = PBXFrameworksBuildPhase;
			buildActionMask = 2147483647;
			files = (
			);
			runOnlyForDeploymentPostprocessing = 0;
		};
/* End PBXFrameworksBuildPhase section */

/* Begin PBXGroup section */
		A85C504827BDF99A008EB699 = {
			isa = PBXGroup;
			children = (
				A85C505327BDF99A008EB699 /* Wordle */,
				A85C505227BDF99A008EB699 /* Products */,
			);
			sourceTree = "<group>";
		};
		A85C505227BDF99A008EB699 /* Products */ = {
			isa = PBXGroup;
			children = (
				A85C505127BDF99A008EB699 /* Wordle.app */,
			);
			name = Products;
			sourceTree = "<group>";
		};
		A85C505327BDF99A008EB699 /* Wordle */ = {
			isa = PBXGroup;
			children = (
				A8A6DF7727C2E41900A2A4F5 /* Data */,
				A85C506827BE0A1A008EB699 /* Helpers */,
				A85C506227BDFA17008EB699 /* View Models */,
				A85C506E27BE3A85008EB699 /* Components */,
				A8A6DF7627C2E36E00A2A4F5 /* Views */,
				A85C505427BDF99A008EB699 /* WordleApp.swift */,
				A85C505827BDF99B008EB699 /* Assets.xcassets */,
				A85C505A27BDF99B008EB699 /* Preview Content */,
			);
			path = Wordle;
			sourceTree = "<group>";
		};
		A85C505A27BDF99B008EB699 /* Preview Content */ = {
			isa = PBXGroup;
			children = (
				A85C505B27BDF99B008EB699 /* Preview Assets.xcassets */,
			);
			path = "Preview Content";
			sourceTree = "<group>";
		};
		A85C506227BDFA17008EB699 /* View Models */ = {
			isa = PBXGroup;
			children = (
				A85C506327BDFA24008EB699 /* WordleViewModel.swift */,
				A8A6DF7B27C2F28300A2A4F5 /* UserDefaultsViewModel.swift */,
			);
			path = "View Models";
			sourceTree = "<group>";
		};
		A85C506827BE0A1A008EB699 /* Helpers */ = {
			isa = PBXGroup;
			children = (
				A8A6DF7527C2E35200A2A4F5 /* Enums */,
				A85C506B27BE1C08008EB699 /* Extenstions */,
			);
			path = Helpers;
			sourceTree = "<group>";
		};
		A85C506B27BE1C08008EB699 /* Extenstions */ = {
			isa = PBXGroup;
			children = (
				A85C506C27BE1C16008EB699 /* StringExtension.swift */,
			);
			path = Extenstions;
			sourceTree = "<group>";
		};
		A85C506E27BE3A85008EB699 /* Components */ = {
			isa = PBXGroup;
			children = (
				A85C506F27BE3A8F008EB699 /* LetterBoxView.swift */,
				A85C507327C07586008EB699 /* MessageAlertView.swift */,
				A81E92E527C20C730087B9F6 /* KeyboardButtonView.swift */,
				A81E92E727C20D500087B9F6 /* KeyboardView.swift */,
				A8A6DF7D27C3128000A2A4F5 /* AlertView.swift */,
			);
			path = Components;
			sourceTree = "<group>";
		};
		A8A6DF7527C2E35200A2A4F5 /* Enums */ = {
			isa = PBXGroup;
			children = (
				A85C507127BF0852008EB699 /* GameState.swift */,
			);
			path = Enums;
			sourceTree = "<group>";
		};
		A8A6DF7627C2E36E00A2A4F5 /* Views */ = {
			isa = PBXGroup;
			children = (
				A85C505627BDF99A008EB699 /* WordleView.swift */,
			);
			path = Views;
			sourceTree = "<group>";
		};
		A8A6DF7727C2E41900A2A4F5 /* Data */ = {
			isa = PBXGroup;
			children = (
				A85C506627BDFE53008EB699 /* wordList.json */,
			);
			path = Data;
			sourceTree = "<group>";
		};
/* End PBXGroup section */

/* Begin PBXNativeTarget section */
		A85C505027BDF99A008EB699 /* Wordle */ = {
			isa = PBXNativeTarget;
			buildConfigurationList = A85C505F27BDF99B008EB699 /* Build configuration list for PBXNativeTarget "Wordle" */;
			buildPhases = (
				A85C504D27BDF99A008EB699 /* Sources */,
				A85C504E27BDF99A008EB699 /* Frameworks */,
				A85C504F27BDF99A008EB699 /* Resources */,
			);
			buildRules = (
			);
			dependencies = (
			);
			name = Wordle;
			productName = Wordle;
			productReference = A85C505127BDF99A008EB699 /* Wordle.app */;
			productType = "com.apple.product-type.application";
		};
/* End PBXNativeTarget section */

/* Begin PBXProject section */
		A85C504927BDF99A008EB699 /* Project object */ = {
			isa = PBXProject;
			attributes = {
				BuildIndependentTargetsInParallel = 1;
				LastSwiftUpdateCheck = 1320;
				LastUpgradeCheck = 1320;
				TargetAttributes = {
					A85C505027BDF99A008EB699 = {
						CreatedOnToolsVersion = 13.2;
					};
				};
			};
			buildConfigurationList = A85C504C27BDF99A008EB699 /* Build configuration list for PBXProject "Wordle" */;
			compatibilityVersion = "Xcode 13.0";
			developmentRegion = en;
			hasScannedForEncodings = 0;
			knownRegions = (
				en,
				Base,
			);
			mainGroup = A85C504827BDF99A008EB699;
			productRefGroup = A85C505227BDF99A008EB699 /* Products */;
			projectDirPath = "";
			projectRoot = "";
			targets = (
				A85C505027BDF99A008EB699 /* Wordle */,
			);
		};
/* End PBXProject section */

/* Begin PBXResourcesBuildPhase section */
		A85C504F27BDF99A008EB699 /* Resources */ = {
			isa = PBXResourcesBuildPhase;
			buildActionMask = 2147483647;
			files = (
				A85C505C27BDF99B008EB699 /* Preview Assets.xcassets in Resources */,
				A85C505927BDF99B008EB699 /* Assets.xcassets in Resources */,
				A85C506727BDFE54008EB699 /* wordList.json in Resources */,
			);
			runOnlyForDeploymentPostprocessing = 0;
		};
/* End PBXResourcesBuildPhase section */

/* Begin PBXSourcesBuildPhase section */
		A85C504D27BDF99A008EB699 /* Sources */ = {
			isa = PBXSourcesBuildPhase;
			buildActionMask = 2147483647;
			files = (
				A85C507227BF0852008EB699 /* GameState.swift in Sources */,
				A81E92E627C20C730087B9F6 /* KeyboardButtonView.swift in Sources */,
				A85C505727BDF99A008EB699 /* WordleView.swift in Sources */,
				A8A6DF7E27C3128000A2A4F5 /* AlertView.swift in Sources */,
				A85C507427C07586008EB699 /* MessageAlertView.swift in Sources */,
				A81E92E827C20D500087B9F6 /* KeyboardView.swift in Sources */,
				A8A6DF7C27C2F28300A2A4F5 /* UserDefaultsViewModel.swift in Sources */,
				A85C505527BDF99A008EB699 /* WordleApp.swift in Sources */,
				A85C506D27BE1C16008EB699 /* StringExtension.swift in Sources */,
				A85C506427BDFA24008EB699 /* WordleViewModel.swift in Sources */,
				A85C507027BE3A8F008EB699 /* LetterBoxView.swift in Sources */,
			);
			runOnlyForDeploymentPostprocessing = 0;
		};
/* End PBXSourcesBuildPhase section */

/* Begin XCBuildConfiguration section */
		A85C505D27BDF99B008EB699 /* Debug */ = {
			isa = XCBuildConfiguration;
			buildSettings = {
				ALWAYS_SEARCH_USER_PATHS = NO;
				CLANG_ANALYZER_NONNULL = YES;
				CLANG_ANALYZER_NUMBER_OBJECT_CONVERSION = YES_AGGRESSIVE;
				CLANG_CXX_LANGUAGE_STANDARD = "gnu++17";
				CLANG_CXX_LIBRARY = "libc++";
				CLANG_ENABLE_MODULES = YES;
				CLANG_ENABLE_OBJC_ARC = YES;
				CLANG_ENABLE_OBJC_WEAK = YES;
				CLANG_WARN_BLOCK_CAPTURE_AUTORELEASING = YES;
				CLANG_WARN_BOOL_CONVERSION = YES;
				CLANG_WARN_COMMA = YES;
				CLANG_WARN_CONSTANT_CONVERSION = YES;
				CLANG_WARN_DEPRECATED_OBJC_IMPLEMENTATIONS = YES;
				CLANG_WARN_DIRECT_OBJC_ISA_USAGE = YES_ERROR;
				CLANG_WARN_DOCUMENTATION_COMMENTS = YES;
				CLANG_WARN_EMPTY_BODY = YES;
				CLANG_WARN_ENUM_CONVERSION = YES;
				CLANG_WARN_INFINITE_RECURSION = YES;
				CLANG_WARN_INT_CONVERSION = YES;
				CLANG_WARN_NON_LITERAL_NULL_CONVERSION = YES;
				CLANG_WARN_OBJC_IMPLICIT_RETAIN_SELF = YES;
				CLANG_WARN_OBJC_LITERAL_CONVERSION = YES;
				CLANG_WARN_OBJC_ROOT_CLASS = YES_ERROR;
				CLANG_WARN_QUOTED_INCLUDE_IN_FRAMEWORK_HEADER = YES;
				CLANG_WARN_RANGE_LOOP_ANALYSIS = YES;
				CLANG_WARN_STRICT_PROTOTYPES = YES;
				CLANG_WARN_SUSPICIOUS_MOVE = YES;
				CLANG_WARN_UNGUARDED_AVAILABILITY = YES_AGGRESSIVE;
				CLANG_WARN_UNREACHABLE_CODE = YES;
				CLANG_WARN__DUPLICATE_METHOD_MATCH = YES;
				COPY_PHASE_STRIP = NO;
				DEBUG_INFORMATION_FORMAT = dwarf;
				ENABLE_STRICT_OBJC_MSGSEND = YES;
				ENABLE_TESTABILITY = YES;
				GCC_C_LANGUAGE_STANDARD = gnu11;
				GCC_DYNAMIC_NO_PIC = NO;
				GCC_NO_COMMON_BLOCKS = YES;
				GCC_OPTIMIZATION_LEVEL = 0;
				GCC_PREPROCESSOR_DEFINITIONS = (
					"DEBUG=1",
					"$(inherited)",
				);
				GCC_WARN_64_TO_32_BIT_CONVERSION = YES;
				GCC_WARN_ABOUT_RETURN_TYPE = YES_ERROR;
				GCC_WARN_UNDECLARED_SELECTOR = YES;
				GCC_WARN_UNINITIALIZED_AUTOS = YES_AGGRESSIVE;
				GCC_WARN_UNUSED_FUNCTION = YES;
				GCC_WARN_UNUSED_VARIABLE = YES;
				IPHONEOS_DEPLOYMENT_TARGET = 15.2;
				MTL_ENABLE_DEBUG_INFO = INCLUDE_SOURCE;
				MTL_FAST_MATH = YES;
				ONLY_ACTIVE_ARCH = YES;
				SDKROOT = iphoneos;
				SWIFT_ACTIVE_COMPILATION_CONDITIONS = DEBUG;
				SWIFT_OPTIMIZATION_LEVEL = "-Onone";
			};
			name = Debug;
		};
		A85C505E27BDF99B008EB699 /* Release */ = {
			isa = XCBuildConfiguration;
			buildSettings = {
				ALWAYS_SEARCH_USER_PATHS = NO;
				CLANG_ANALYZER_NONNULL = YES;
				CLANG_ANALYZER_NUMBER_OBJECT_CONVERSION = YES_AGGRESSIVE;
				CLANG_CXX_LANGUAGE_STANDARD = "gnu++17";
				CLANG_CXX_LIBRARY = "libc++";
				CLANG_ENABLE_MODULES = YES;
				CLANG_ENABLE_OBJC_ARC = YES;
				CLANG_ENABLE_OBJC_WEAK = YES;
				CLANG_WARN_BLOCK_CAPTURE_AUTORELEASING = YES;
				CLANG_WARN_BOOL_CONVERSION = YES;
				CLANG_WARN_COMMA = YES;
				CLANG_WARN_CONSTANT_CONVERSION = YES;
				CLANG_WARN_DEPRECATED_OBJC_IMPLEMENTATIONS = YES;
				CLANG_WARN_DIRECT_OBJC_ISA_USAGE = YES_ERROR;
				CLANG_WARN_DOCUMENTATION_COMMENTS = YES;
				CLANG_WARN_EMPTY_BODY = YES;
				CLANG_WARN_ENUM_CONVERSION = YES;
				CLANG_WARN_INFINITE_RECURSION = YES;
				CLANG_WARN_INT_CONVERSION = YES;
				CLANG_WARN_NON_LITERAL_NULL_CONVERSION = YES;
				CLANG_WARN_OBJC_IMPLICIT_RETAIN_SELF = YES;
				CLANG_WARN_OBJC_LITERAL_CONVERSION = YES;
				CLANG_WARN_OBJC_ROOT_CLASS = YES_ERROR;
				CLANG_WARN_QUOTED_INCLUDE_IN_FRAMEWORK_HEADER = YES;
				CLANG_WARN_RANGE_LOOP_ANALYSIS = YES;
				CLANG_WARN_STRICT_PROTOTYPES = YES;
				CLANG_WARN_SUSPICIOUS_MOVE = YES;
				CLANG_WARN_UNGUARDED_AVAILABILITY = YES_AGGRESSIVE;
				CLANG_WARN_UNREACHABLE_CODE = YES;
				CLANG_WARN__DUPLICATE_METHOD_MATCH = YES;
				COPY_PHASE_STRIP = NO;
				DEBUG_INFORMATION_FORMAT = "dwarf-with-dsym";
				ENABLE_NS_ASSERTIONS = NO;
				ENABLE_STRICT_OBJC_MSGSEND = YES;
				GCC_C_LANGUAGE_STANDARD = gnu11;
				GCC_NO_COMMON_BLOCKS = YES;
				GCC_WARN_64_TO_32_BIT_CONVERSION = YES;
				GCC_WARN_ABOUT_RETURN_TYPE = YES_ERROR;
				GCC_WARN_UNDECLARED_SELECTOR = YES;
				GCC_WARN_UNINITIALIZED_AUTOS = YES_AGGRESSIVE;
				GCC_WARN_UNUSED_FUNCTION = YES;
				GCC_WARN_UNUSED_VARIABLE = YES;
				IPHONEOS_DEPLOYMENT_TARGET = 15.2;
				MTL_ENABLE_DEBUG_INFO = NO;
				MTL_FAST_MATH = YES;
				SDKROOT = iphoneos;
				SWIFT_COMPILATION_MODE = wholemodule;
				SWIFT_OPTIMIZATION_LEVEL = "-O";
				VALIDATE_PRODUCT = YES;
			};
			name = Release;
		};
		A85C506027BDF99B008EB699 /* Debug */ = {
			isa = XCBuildConfiguration;
			buildSettings = {
				ASSETCATALOG_COMPILER_APPICON_NAME = AppIcon;
				ASSETCATALOG_COMPILER_GLOBAL_ACCENT_COLOR_NAME = AccentColor;
				CODE_SIGN_STYLE = Automatic;
				CURRENT_PROJECT_VERSION = 1;
				DEVELOPMENT_ASSET_PATHS = "\"Wordle/Preview Content\"";
				DEVELOPMENT_TEAM = RNJSCR353X;
				ENABLE_PREVIEWS = YES;
				GENERATE_INFOPLIST_FILE = YES;
				INFOPLIST_KEY_UIApplicationSceneManifest_Generation = YES;
				INFOPLIST_KEY_UIApplicationSupportsIndirectInputEvents = YES;
				INFOPLIST_KEY_UILaunchScreen_Generation = YES;
				INFOPLIST_KEY_UISupportedInterfaceOrientations = UIInterfaceOrientationPortrait;
				INFOPLIST_KEY_UISupportedInterfaceOrientations_iPad = "UIInterfaceOrientationPortrait UIInterfaceOrientationPortraitUpsideDown UIInterfaceOrientationLandscapeLeft UIInterfaceOrientationLandscapeRight";
				INFOPLIST_KEY_UISupportedInterfaceOrientations_iPhone = "UIInterfaceOrientationPortrait UIInterfaceOrientationLandscapeLeft UIInterfaceOrientationLandscapeRight";
				LD_RUNPATH_SEARCH_PATHS = (
					"$(inherited)",
					"@executable_path/Frameworks",
				);
				MARKETING_VERSION = 1.0;
				PRODUCT_BUNDLE_IDENTIFIER = forrest.wilson.dev.Wordle;
				PRODUCT_NAME = "$(TARGET_NAME)";
				SWIFT_EMIT_LOC_STRINGS = YES;
				SWIFT_VERSION = 5.0;
				TARGETED_DEVICE_FAMILY = "1,2";
			};
			name = Debug;
		};
		A85C506127BDF99B008EB699 /* Release */ = {
			isa = XCBuildConfiguration;
			buildSettings = {
				ASSETCATALOG_COMPILER_APPICON_NAME = AppIcon;
				ASSETCATALOG_COMPILER_GLOBAL_ACCENT_COLOR_NAME = AccentColor;
				CODE_SIGN_STYLE = Automatic;
				CURRENT_PROJECT_VERSION = 1;
				DEVELOPMENT_ASSET_PATHS = "\"Wordle/Preview Content\"";
				DEVELOPMENT_TEAM = RNJSCR353X;
				ENABLE_PREVIEWS = YES;
				GENERATE_INFOPLIST_FILE = YES;
				INFOPLIST_KEY_UIApplicationSceneManifest_Generation = YES;
				INFOPLIST_KEY_UIApplicationSupportsIndirectInputEvents = YES;
				INFOPLIST_KEY_UILaunchScreen_Generation = YES;
				INFOPLIST_KEY_UISupportedInterfaceOrientations = UIInterfaceOrientationPortrait;
				INFOPLIST_KEY_UISupportedInterfaceOrientations_iPad = "UIInterfaceOrientationPortrait UIInterfaceOrientationPortraitUpsideDown UIInterfaceOrientationLandscapeLeft UIInterfaceOrientationLandscapeRight";
				INFOPLIST_KEY_UISupportedInterfaceOrientations_iPhone = "UIInterfaceOrientationPortrait UIInterfaceOrientationLandscapeLeft UIInterfaceOrientationLandscapeRight";
				LD_RUNPATH_SEARCH_PATHS = (
					"$(inherited)",
					"@executable_path/Frameworks",
				);
				MARKETING_VERSION = 1.0;
				PRODUCT_BUNDLE_IDENTIFIER = forrest.wilson.dev.Wordle;
				PRODUCT_NAME = "$(TARGET_NAME)";
				SWIFT_EMIT_LOC_STRINGS = YES;
				SWIFT_VERSION = 5.0;
				TARGETED_DEVICE_FAMILY = "1,2";
			};
			name = Release;
		};
/* End XCBuildConfiguration section */

/* Begin XCConfigurationList section */
		A85C504C27BDF99A008EB699 /* Build configuration list for PBXProject "Wordle" */ = {
			isa = XCConfigurationList;
			buildConfigurations = (
				A85C505D27BDF99B008EB699 /* Debug */,
				A85C505E27BDF99B008EB699 /* Release */,
			);
			defaultConfigurationIsVisible = 0;
			defaultConfigurationName = Release;
		};
		A85C505F27BDF99B008EB699 /* Build configuration list for PBXNativeTarget "Wordle" */ = {
			isa = XCConfigurationList;
			buildConfigurations = (
				A85C506027BDF99B008EB699 /* Debug */,
				A85C506127BDF99B008EB699 /* Release */,
			);
			defaultConfigurationIsVisible = 0;
			defaultConfigurationName = Release;
		};
/* End XCConfigurationList section */
	};
	rootObject = A85C504927BDF99A008EB699 /* Project object */;
}
